
Microsoft Visual Studio Solution File, Format Version 12.00
# Visual Studio Version 17
VisualStudioVersion = 17.4.33213.308
MinimumVisualStudioVersion = 10.0.40219.1
Project("{FAE04EC0-301F-11D3-BF4B-00C04F79EFBC}") = "WebApi", "Web Api\WebApi.csproj", "{D9208F9B-5920-421F-8BAE-B7C862D32216}"
EndProject
Global
	GlobalSection(SolutionConfigurationPlatforms) = preSolution
		Debug|Any CPU = Debug|Any CPU
		Release|Any CPU = Release|Any CPU
	EndGlobalSection
	GlobalSection(ProjectConfigurationPlatforms) = postSolution
		{D9208F9B-5920-421F-8BAE-B7C862D32216}.Debug|Any CPU.ActiveCfg = Debug|Any CPU
		{D9208F9B-5920-421F-8BAE-B7C862D32216}.Debug|Any CPU.Build.0 = Debug|Any CPU
		{D9208F9B-5920-421F-8BAE-B7C862D32216}.Release|Any CPU.ActiveCfg = Release|Any CPU
		{D9208F9B-5920-421F-8BAE-B7C862D32216}.Release|Any CPU.Build.0 = Release|Any CPU
	EndGlobalSection
	GlobalSection(SolutionProperties) = preSolution
		HideSolutionNode = FALSE
	EndGlobalSection
	GlobalSection(ExtensibilityGlobals) = postSolution
		SolutionGuid = {F1776E9F-EE1A-44F6-B743-6706D79FEF94}
	EndGlobalSection
EndGlobal
